// !$*UTF8*$!
{
	archiveVersion = 1;
	classes = {
	};
	objectVersion = 56;
	objects = {

/* Begin PBXBuildFile section */
		871AC70E2B25A91700A1872E /* CheckInDetail.swift in Sources */ = {isa = PBXBuildFile; fileRef = 871AC70D2B25A91700A1872E /* CheckInDetail.swift */; };
		871AC7312B28A09E00A1872E /* Store.swift in Sources */ = {isa = PBXBuildFile; fileRef = 871AC7302B28A09E00A1872E /* Store.swift */; };
		871AC7332B28A1DC00A1872E /* IAP.swift in Sources */ = {isa = PBXBuildFile; fileRef = 871AC7322B28A1DC00A1872E /* IAP.swift */; };
		87221E222B1EE00F005B2BDB /* Detail.swift in Sources */ = {isa = PBXBuildFile; fileRef = 87221E212B1EE00F005B2BDB /* Detail.swift */; };
		87221E242B1F0037005B2BDB /* Setting.swift in Sources */ = {isa = PBXBuildFile; fileRef = 87221E232B1F0037005B2BDB /* Setting.swift */; };
		87221E282B1F05EC005B2BDB /* Vibration.swift in Sources */ = {isa = PBXBuildFile; fileRef = 87221E272B1F05EC005B2BDB /* Vibration.swift */; };
		87221E2A2B1F1977005B2BDB /* MotionManager.swift in Sources */ = {isa = PBXBuildFile; fileRef = 87221E292B1F1977005B2BDB /* MotionManager.swift */; };
		87221E2E2B1F63A7005B2BDB /* Locked.swift in Sources */ = {isa = PBXBuildFile; fileRef = 87221E2D2B1F63A7005B2BDB /* Locked.swift */; };
		87221E302B1F6ACB005B2BDB /* H-SiuNiu-Regular.ttf in Resources */ = {isa = PBXBuildFile; fileRef = 87221E2F2B1F6ACB005B2BDB /* H-SiuNiu-Regular.ttf */; };
		87221E372B201FE2005B2BDB /* Reading.swift in Sources */ = {isa = PBXBuildFile; fileRef = 87221E362B201FE2005B2BDB /* Reading.swift */; };
		87221E392B20254F005B2BDB /* RoundButton.swift in Sources */ = {isa = PBXBuildFile; fileRef = 87221E382B20254F005B2BDB /* RoundButton.swift */; };
		873D80622B1E1BDD00B4E4C2 /* ReaderApp.swift in Sources */ = {isa = PBXBuildFile; fileRef = 873D80612B1E1BDD00B4E4C2 /* ReaderApp.swift */; };
		873D80642B1E1BDD00B4E4C2 /* Master.swift in Sources */ = {isa = PBXBuildFile; fileRef = 873D80632B1E1BDD00B4E4C2 /* Master.swift */; };
		873D80662B1E1BDF00B4E4C2 /* Assets.xcassets in Resources */ = {isa = PBXBuildFile; fileRef = 873D80652B1E1BDF00B4E4C2 /* Assets.xcassets */; };
		873D80692B1E1BDF00B4E4C2 /* Preview Assets.xcassets in Resources */ = {isa = PBXBuildFile; fileRef = 873D80682B1E1BDF00B4E4C2 /* Preview Assets.xcassets */; };
		873D80702B1E1CD200B4E4C2 /* Row.swift in Sources */ = {isa = PBXBuildFile; fileRef = 873D806F2B1E1CD200B4E4C2 /* Row.swift */; };
		873D80722B1E1D5600B4E4C2 /* TabReadData.swift in Sources */ = {isa = PBXBuildFile; fileRef = 873D80712B1E1D5600B4E4C2 /* TabReadData.swift */; };
		8799509C2B23017500D414E5 /* ImagePickerView in Frameworks */ = {isa = PBXBuildFile; productRef = 8799509B2B23017500D414E5 /* ImagePickerView */; };
		879DB9172B2402F70098B408 /* LocationManager.swift in Sources */ = {isa = PBXBuildFile; fileRef = 879DB9162B2402F70098B408 /* LocationManager.swift */; };
		879DB9192B240CA00098B408 /* CheckIn.swift in Sources */ = {isa = PBXBuildFile; fileRef = 879DB9182B240CA00098B408 /* CheckIn.swift */; };
		87A2A0662B2449CF004E5438 /* Reader.xcdatamodeld in Sources */ = {isa = PBXBuildFile; fileRef = 87A2A0642B2449CF004E5438 /* Reader.xcdatamodeld */; };
		87A2A0682B244A71004E5438 /* CloudData.swift in Sources */ = {isa = PBXBuildFile; fileRef = 87A2A0672B244A71004E5438 /* CloudData.swift */; };
		87A2A06A2B2458E6004E5438 /* CheckInRow.swift in Sources */ = {isa = PBXBuildFile; fileRef = 87A2A0692B2458E6004E5438 /* CheckInRow.swift */; };
		87A2A06C2B24A963004E5438 /* TimeView.swift in Sources */ = {isa = PBXBuildFile; fileRef = 87A2A06B2B24A963004E5438 /* TimeView.swift */; };
		87C48D1B2B21B33A00C2BF86 /* AddNote.swift in Sources */ = {isa = PBXBuildFile; fileRef = 87C48D1A2B21B33A00C2BF86 /* AddNote.swift */; };
		87C48D1D2B220A1800C2BF86 /* TextEditorStyle.swift in Sources */ = {isa = PBXBuildFile; fileRef = 87C48D1C2B220A1800C2BF86 /* TextEditorStyle.swift */; };
		87F7BF802B2057C20035D28E /* BetterSafariView in Frameworks */ = {isa = PBXBuildFile; productRef = 87F7BF7F2B2057C20035D28E /* BetterSafariView */; };
		87F7BF822B2161FF0035D28E /* TabNoteData.swift in Sources */ = {isa = PBXBuildFile; fileRef = 87F7BF812B2161FF0035D28E /* TabNoteData.swift */; };
		87F7BF852B2171800035D28E /* AddNoteAndNoteList.swift in Sources */ = {isa = PBXBuildFile; fileRef = 87F7BF842B2171800035D28E /* AddNoteAndNoteList.swift */; };
/* End PBXBuildFile section */

/* Begin PBXFileReference section */
		871AC70D2B25A91700A1872E /* CheckInDetail.swift */ = {isa = PBXFileReference; lastKnownFileType = sourcecode.swift; path = CheckInDetail.swift; sourceTree = "<group>"; };
		871AC72F2B289DFA00A1872E /* Configuration.storekit */ = {isa = PBXFileReference; lastKnownFileType = text; path = Configuration.storekit; sourceTree = "<group>"; };
		871AC7302B28A09E00A1872E /* Store.swift */ = {isa = PBXFileReference; fileEncoding = 4; lastKnownFileType = sourcecode.swift; path = Store.swift; sourceTree = "<group>"; };
		871AC7322B28A1DC00A1872E /* IAP.swift */ = {isa = PBXFileReference; lastKnownFileType = sourcecode.swift; path = IAP.swift; sourceTree = "<group>"; };
		87221E212B1EE00F005B2BDB /* Detail.swift */ = {isa = PBXFileReference; lastKnownFileType = sourcecode.swift; path = Detail.swift; sourceTree = "<group>"; };
		87221E232B1F0037005B2BDB /* Setting.swift */ = {isa = PBXFileReference; lastKnownFileType = sourcecode.swift; path = Setting.swift; sourceTree = "<group>"; };
		87221E272B1F05EC005B2BDB /* Vibration.swift */ = {isa = PBXFileReference; lastKnownFileType = sourcecode.swift; path = Vibration.swift; sourceTree = "<group>"; };
		87221E292B1F1977005B2BDB /* MotionManager.swift */ = {isa = PBXFileReference; lastKnownFileType = sourcecode.swift; path = MotionManager.swift; sourceTree = "<group>"; };
		87221E2D2B1F63A7005B2BDB /* Locked.swift */ = {isa = PBXFileReference; lastKnownFileType = sourcecode.swift; path = Locked.swift; sourceTree = "<group>"; };
		87221E2F2B1F6ACB005B2BDB /* H-SiuNiu-Regular.ttf */ = {isa = PBXFileReference; lastKnownFileType = file; path = "H-SiuNiu-Regular.ttf"; sourceTree = "<group>"; };
		87221E312B1F6AED005B2BDB /* Info.plist */ = {isa = PBXFileReference; lastKnownFileType = text.plist; path = Info.plist; sourceTree = "<group>"; };
		87221E362B201FE2005B2BDB /* Reading.swift */ = {isa = PBXFileReference; lastKnownFileType = sourcecode.swift; path = Reading.swift; sourceTree = "<group>"; };
		87221E382B20254F005B2BDB /* RoundButton.swift */ = {isa = PBXFileReference; lastKnownFileType = sourcecode.swift; path = RoundButton.swift; sourceTree = "<group>"; };
		873D805E2B1E1BDD00B4E4C2 /* Reader.app */ = {isa = PBXFileReference; explicitFileType = wrapper.application; includeInIndex = 0; path = Reader.app; sourceTree = BUILT_PRODUCTS_DIR; };
		873D80612B1E1BDD00B4E4C2 /* ReaderApp.swift */ = {isa = PBXFileReference; lastKnownFileType = sourcecode.swift; path = ReaderApp.swift; sourceTree = "<group>"; };
		873D80632B1E1BDD00B4E4C2 /* Master.swift */ = {isa = PBXFileReference; lastKnownFileType = sourcecode.swift; path = Master.swift; sourceTree = "<group>"; };
		873D80652B1E1BDF00B4E4C2 /* Assets.xcassets */ = {isa = PBXFileReference; lastKnownFileType = folder.assetcatalog; path = Assets.xcassets; sourceTree = "<group>"; };
		873D80682B1E1BDF00B4E4C2 /* Preview Assets.xcassets */ = {isa = PBXFileReference; lastKnownFileType = folder.assetcatalog; path = "Preview Assets.xcassets"; sourceTree = "<group>"; };
		873D806F2B1E1CD200B4E4C2 /* Row.swift */ = {isa = PBXFileReference; lastKnownFileType = sourcecode.swift; path = Row.swift; sourceTree = "<group>"; };
		873D80712B1E1D5600B4E4C2 /* TabReadData.swift */ = {isa = PBXFileReference; lastKnownFileType = sourcecode.swift; path = TabReadData.swift; sourceTree = "<group>"; };
		879DB9162B2402F70098B408 /* LocationManager.swift */ = {isa = PBXFileReference; lastKnownFileType = sourcecode.swift; path = LocationManager.swift; sourceTree = "<group>"; };
		879DB9182B240CA00098B408 /* CheckIn.swift */ = {isa = PBXFileReference; lastKnownFileType = sourcecode.swift; path = CheckIn.swift; sourceTree = "<group>"; };
		87A2A0652B2449CF004E5438 /* CheckInModel.xcdatamodel */ = {isa = PBXFileReference; lastKnownFileType = wrapper.xcdatamodel; path = CheckInModel.xcdatamodel; sourceTree = "<group>"; };
		87A2A0672B244A71004E5438 /* CloudData.swift */ = {isa = PBXFileReference; lastKnownFileType = sourcecode.swift; path = CloudData.swift; sourceTree = "<group>"; };
		87A2A0692B2458E6004E5438 /* CheckInRow.swift */ = {isa = PBXFileReference; lastKnownFileType = sourcecode.swift; path = CheckInRow.swift; sourceTree = "<group>"; };
		87A2A06B2B24A963004E5438 /* TimeView.swift */ = {isa = PBXFileReference; lastKnownFileType = sourcecode.swift; path = TimeView.swift; sourceTree = "<group>"; };
		87C48D1A2B21B33A00C2BF86 /* AddNote.swift */ = {isa = PBXFileReference; lastKnownFileType = sourcecode.swift; path = AddNote.swift; sourceTree = "<group>"; };
		87C48D1C2B220A1800C2BF86 /* TextEditorStyle.swift */ = {isa = PBXFileReference; lastKnownFileType = sourcecode.swift; path = TextEditorStyle.swift; sourceTree = "<group>"; };
		87F7BF812B2161FF0035D28E /* TabNoteData.swift */ = {isa = PBXFileReference; lastKnownFileType = sourcecode.swift; path = TabNoteData.swift; sourceTree = "<group>"; };
		87F7BF842B2171800035D28E /* AddNoteAndNoteList.swift */ = {isa = PBXFileReference; lastKnownFileType = sourcecode.swift; path = AddNoteAndNoteList.swift; sourceTree = "<group>"; };
/* End PBXFileReference section */

/* Begin PBXFrameworksBuildPhase section */
		873D805B2B1E1BDD00B4E4C2 /* Frameworks */ = {
			isa = PBXFrameworksBuildPhase;
			buildActionMask = 2147483647;
			files = (
				87F7BF802B2057C20035D28E /* BetterSafariView in Frameworks */,
				8799509C2B23017500D414E5 /* ImagePickerView in Frameworks */,
			);
			runOnlyForDeploymentPostprocessing = 0;
		};
/* End PBXFrameworksBuildPhase section */

/* Begin PBXGroup section */
		87221E322B1F70BF005B2BDB /* Model & ViewModel */ = {
			isa = PBXGroup;
			children = (
				873D80712B1E1D5600B4E4C2 /* TabReadData.swift */,
				87F7BF812B2161FF0035D28E /* TabNoteData.swift */,
				879DB9162B2402F70098B408 /* LocationManager.swift */,
				87A2A0642B2449CF004E5438 /* Reader.xcdatamodeld */,
				87A2A0672B244A71004E5438 /* CloudData.swift */,
			);
			path = "Model & ViewModel";
			sourceTree = "<group>";
		};
		87221E332B1F70DE005B2BDB /* View */ = {
			isa = PBXGroup;
			children = (
				873D80632B1E1BDD00B4E4C2 /* Master.swift */,
				87221E362B201FE2005B2BDB /* Reading.swift */,
				879DB9182B240CA00098B408 /* CheckIn.swift */,
				87A2A06B2B24A963004E5438 /* TimeView.swift */,
				87F7BF832B21710E0035D28E /* ---- */,
				87221E212B1EE00F005B2BDB /* Detail.swift */,
				871AC70D2B25A91700A1872E /* CheckInDetail.swift */,
				87A2A0692B2458E6004E5438 /* CheckInRow.swift */,
				87C48D1A2B21B33A00C2BF86 /* AddNote.swift */,
				87C48D1C2B220A1800C2BF86 /* TextEditorStyle.swift */,
				87F7BF842B2171800035D28E /* AddNoteAndNoteList.swift */,
				87221E232B1F0037005B2BDB /* Setting.swift */,
				87221E382B20254F005B2BDB /* RoundButton.swift */,
				873D806F2B1E1CD200B4E4C2 /* Row.swift */,
				87221E2D2B1F63A7005B2BDB /* Locked.swift */,
			);
			path = View;
			sourceTree = "<group>";
		};
		87221E342B1F70F2005B2BDB /* FrameWork */ = {
			isa = PBXGroup;
			children = (
				87221E292B1F1977005B2BDB /* MotionManager.swift */,
				87221E272B1F05EC005B2BDB /* Vibration.swift */,
			);
			path = FrameWork;
			sourceTree = "<group>";
		};
		873D80552B1E1BDD00B4E4C2 = {
			isa = PBXGroup;
			children = (
				873D80602B1E1BDD00B4E4C2 /* Reader */,
				873D805F2B1E1BDD00B4E4C2 /* Products */,
			);
			sourceTree = "<group>";
		};
		873D805F2B1E1BDD00B4E4C2 /* Products */ = {
			isa = PBXGroup;
			children = (
				873D805E2B1E1BDD00B4E4C2 /* Reader.app */,
			);
			name = Products;
			sourceTree = "<group>";
		};
		873D80602B1E1BDD00B4E4C2 /* Reader */ = {
			isa = PBXGroup;
			children = (
				87221E312B1F6AED005B2BDB /* Info.plist */,
				873D80612B1E1BDD00B4E4C2 /* ReaderApp.swift */,
				871AC7302B28A09E00A1872E /* Store.swift */,
				871AC7322B28A1DC00A1872E /* IAP.swift */,
				871AC72F2B289DFA00A1872E /* Configuration.storekit */,
				87221E342B1F70F2005B2BDB /* FrameWork */,
				87221E322B1F70BF005B2BDB /* Model & ViewModel */,
				87221E332B1F70DE005B2BDB /* View */,
				873D80652B1E1BDF00B4E4C2 /* Assets.xcassets */,
				87221E2F2B1F6ACB005B2BDB /* H-SiuNiu-Regular.ttf */,
				873D80672B1E1BDF00B4E4C2 /* Preview Content */,
			);
			path = Reader;
			sourceTree = "<group>";
		};
		873D80672B1E1BDF00B4E4C2 /* Preview Content */ = {
			isa = PBXGroup;
			children = (
				873D80682B1E1BDF00B4E4C2 /* Preview Assets.xcassets */,
			);
			path = "Preview Content";
			sourceTree = "<group>";
		};
		87F7BF832B21710E0035D28E /* ---- */ = {
			isa = PBXGroup;
			children = (
			);
			path = "----";
			sourceTree = "<group>";
		};
/* End PBXGroup section */

/* Begin PBXNativeTarget section */
		873D805D2B1E1BDD00B4E4C2 /* Reader */ = {
			isa = PBXNativeTarget;
			buildConfigurationList = 873D806C2B1E1BDF00B4E4C2 /* Build configuration list for PBXNativeTarget "Reader" */;
			buildPhases = (
				873D805A2B1E1BDD00B4E4C2 /* Sources */,
				873D805B2B1E1BDD00B4E4C2 /* Frameworks */,
				873D805C2B1E1BDD00B4E4C2 /* Resources */,
			);
			buildRules = (
			);
			dependencies = (
			);
			name = Reader;
			packageProductDependencies = (
				87F7BF7F2B2057C20035D28E /* BetterSafariView */,
				8799509B2B23017500D414E5 /* ImagePickerView */,
			);
			productName = Reader;
			productReference = 873D805E2B1E1BDD00B4E4C2 /* Reader.app */;
			productType = "com.apple.product-type.application";
		};
/* End PBXNativeTarget section */

/* Begin PBXProject section */
		873D80562B1E1BDD00B4E4C2 /* Project object */ = {
			isa = PBXProject;
			attributes = {
				BuildIndependentTargetsInParallel = 1;
				LastSwiftUpdateCheck = 1420;
				LastUpgradeCheck = 1420;
				TargetAttributes = {
					873D805D2B1E1BDD00B4E4C2 = {
						CreatedOnToolsVersion = 14.2;
					};
				};
			};
			buildConfigurationList = 873D80592B1E1BDD00B4E4C2 /* Build configuration list for PBXProject "Reader" */;
			compatibilityVersion = "Xcode 14.0";
			developmentRegion = en;
			hasScannedForEncodings = 0;
			knownRegions = (
				en,
				Base,
			);
			mainGroup = 873D80552B1E1BDD00B4E4C2;
			packageReferences = (
				87F7BF7E2B2057C20035D28E /* XCRemoteSwiftPackageReference "BetterSafariView" */,
				8799509A2B23017500D414E5 /* XCRemoteSwiftPackageReference "ImagePickerView" */,
			);
			productRefGroup = 873D805F2B1E1BDD00B4E4C2 /* Products */;
			projectDirPath = "";
			projectRoot = "";
			targets = (
				873D805D2B1E1BDD00B4E4C2 /* Reader */,
			);
		};
/* End PBXProject section */

/* Begin PBXResourcesBuildPhase section */
		873D805C2B1E1BDD00B4E4C2 /* Resources */ = {
			isa = PBXResourcesBuildPhase;
			buildActionMask = 2147483647;
			files = (
				873D80692B1E1BDF00B4E4C2 /* Preview Assets.xcassets in Resources */,
				87221E302B1F6ACB005B2BDB /* H-SiuNiu-Regular.ttf in Resources */,
				873D80662B1E1BDF00B4E4C2 /* Assets.xcassets in Resources */,
			);
			runOnlyForDeploymentPostprocessing = 0;
		};
/* End PBXResourcesBuildPhase section */

/* Begin PBXSourcesBuildPhase section */
		873D805A2B1E1BDD00B4E4C2 /* Sources */ = {
			isa = PBXSourcesBuildPhase;
			buildActionMask = 2147483647;
			files = (
				871AC70E2B25A91700A1872E /* CheckInDetail.swift in Sources */,
				87221E282B1F05EC005B2BDB /* Vibration.swift in Sources */,
				873D80642B1E1BDD00B4E4C2 /* Master.swift in Sources */,
				879DB9192B240CA00098B408 /* CheckIn.swift in Sources */,
				87221E2E2B1F63A7005B2BDB /* Locked.swift in Sources */,
				871AC7312B28A09E00A1872E /* Store.swift in Sources */,
				87221E222B1EE00F005B2BDB /* Detail.swift in Sources */,
				879DB9172B2402F70098B408 /* LocationManager.swift in Sources */,
				87221E392B20254F005B2BDB /* RoundButton.swift in Sources */,
				87221E242B1F0037005B2BDB /* Setting.swift in Sources */,
				87A2A06C2B24A963004E5438 /* TimeView.swift in Sources */,
				873D80702B1E1CD200B4E4C2 /* Row.swift in Sources */,
				87A2A0662B2449CF004E5438 /* Reader.xcdatamodeld in Sources */,
				87F7BF822B2161FF0035D28E /* TabNoteData.swift in Sources */,
				873D80622B1E1BDD00B4E4C2 /* ReaderApp.swift in Sources */,
				87A2A0682B244A71004E5438 /* CloudData.swift in Sources */,
				87F7BF852B2171800035D28E /* AddNoteAndNoteList.swift in Sources */,
				873D80722B1E1D5600B4E4C2 /* TabReadData.swift in Sources */,
				87C48D1D2B220A1800C2BF86 /* TextEditorStyle.swift in Sources */,
				87A2A06A2B2458E6004E5438 /* CheckInRow.swift in Sources */,
				87221E372B201FE2005B2BDB /* Reading.swift in Sources */,
				87221E2A2B1F1977005B2BDB /* MotionManager.swift in Sources */,
				871AC7332B28A1DC00A1872E /* IAP.swift in Sources */,
				87C48D1B2B21B33A00C2BF86 /* AddNote.swift in Sources */,
			);
			runOnlyForDeploymentPostprocessing = 0;
		};
/* End PBXSourcesBuildPhase section */

/* Begin XCBuildConfiguration section */
		873D806A2B1E1BDF00B4E4C2 /* Debug */ = {
			isa = XCBuildConfiguration;
			buildSettings = {
				ALWAYS_SEARCH_USER_PATHS = NO;
				CLANG_ANALYZER_NONNULL = YES;
				CLANG_ANALYZER_NUMBER_OBJECT_CONVERSION = YES_AGGRESSIVE;
				CLANG_CXX_LANGUAGE_STANDARD = "gnu++20";
				CLANG_ENABLE_MODULES = YES;
				CLANG_ENABLE_OBJC_ARC = YES;
				CLANG_ENABLE_OBJC_WEAK = YES;
				CLANG_WARN_BLOCK_CAPTURE_AUTORELEASING = YES;
				CLANG_WARN_BOOL_CONVERSION = YES;
				CLANG_WARN_COMMA = YES;
				CLANG_WARN_CONSTANT_CONVERSION = YES;
				CLANG_WARN_DEPRECATED_OBJC_IMPLEMENTATIONS = YES;
				CLANG_WARN_DIRECT_OBJC_ISA_USAGE = YES_ERROR;
				CLANG_WARN_DOCUMENTATION_COMMENTS = YES;
				CLANG_WARN_EMPTY_BODY = YES;
				CLANG_WARN_ENUM_CONVERSION = YES;
				CLANG_WARN_INFINITE_RECURSION = YES;
				CLANG_WARN_INT_CONVERSION = YES;
				CLANG_WARN_NON_LITERAL_NULL_CONVERSION = YES;
				CLANG_WARN_OBJC_IMPLICIT_RETAIN_SELF = YES;
				CLANG_WARN_OBJC_LITERAL_CONVERSION = YES;
				CLANG_WARN_OBJC_ROOT_CLASS = YES_ERROR;
				CLANG_WARN_QUOTED_INCLUDE_IN_FRAMEWORK_HEADER = YES;
				CLANG_WARN_RANGE_LOOP_ANALYSIS = YES;
				CLANG_WARN_STRICT_PROTOTYPES = YES;
				CLANG_WARN_SUSPICIOUS_MOVE = YES;
				CLANG_WARN_UNGUARDED_AVAILABILITY = YES_AGGRESSIVE;
				CLANG_WARN_UNREACHABLE_CODE = YES;
				CLANG_WARN__DUPLICATE_METHOD_MATCH = YES;
				COPY_PHASE_STRIP = NO;
				DEBUG_INFORMATION_FORMAT = dwarf;
				ENABLE_STRICT_OBJC_MSGSEND = YES;
				ENABLE_TESTABILITY = YES;
				GCC_C_LANGUAGE_STANDARD = gnu11;
				GCC_DYNAMIC_NO_PIC = NO;
				GCC_NO_COMMON_BLOCKS = YES;
				GCC_OPTIMIZATION_LEVEL = 0;
				GCC_PREPROCESSOR_DEFINITIONS = (
					"DEBUG=1",
					"$(inherited)",
				);
				GCC_WARN_64_TO_32_BIT_CONVERSION = YES;
				GCC_WARN_ABOUT_RETURN_TYPE = YES_ERROR;
				GCC_WARN_UNDECLARED_SELECTOR = YES;
				GCC_WARN_UNINITIALIZED_AUTOS = YES_AGGRESSIVE;
				GCC_WARN_UNUSED_FUNCTION = YES;
				GCC_WARN_UNUSED_VARIABLE = YES;
				IPHONEOS_DEPLOYMENT_TARGET = 16.2;
				MTL_ENABLE_DEBUG_INFO = INCLUDE_SOURCE;
				MTL_FAST_MATH = YES;
				ONLY_ACTIVE_ARCH = YES;
				SDKROOT = iphoneos;
				SWIFT_ACTIVE_COMPILATION_CONDITIONS = DEBUG;
				SWIFT_OPTIMIZATION_LEVEL = "-Onone";
			};
			name = Debug;
		};
		873D806B2B1E1BDF00B4E4C2 /* Release */ = {
			isa = XCBuildConfiguration;
			buildSettings = {
				ALWAYS_SEARCH_USER_PATHS = NO;
				CLANG_ANALYZER_NONNULL = YES;
				CLANG_ANALYZER_NUMBER_OBJECT_CONVERSION = YES_AGGRESSIVE;
				CLANG_CXX_LANGUAGE_STANDARD = "gnu++20";
				CLANG_ENABLE_MODULES = YES;
				CLANG_ENABLE_OBJC_ARC = YES;
				CLANG_ENABLE_OBJC_WEAK = YES;
				CLANG_WARN_BLOCK_CAPTURE_AUTORELEASING = YES;
				CLANG_WARN_BOOL_CONVERSION = YES;
				CLANG_WARN_COMMA = YES;
				CLANG_WARN_CONSTANT_CONVERSION = YES;
				CLANG_WARN_DEPRECATED_OBJC_IMPLEMENTATIONS = YES;
				CLANG_WARN_DIRECT_OBJC_ISA_USAGE = YES_ERROR;
				CLANG_WARN_DOCUMENTATION_COMMENTS = YES;
				CLANG_WARN_EMPTY_BODY = YES;
				CLANG_WARN_ENUM_CONVERSION = YES;
				CLANG_WARN_INFINITE_RECURSION = YES;
				CLANG_WARN_INT_CONVERSION = YES;
				CLANG_WARN_NON_LITERAL_NULL_CONVERSION = YES;
				CLANG_WARN_OBJC_IMPLICIT_RETAIN_SELF = YES;
				CLANG_WARN_OBJC_LITERAL_CONVERSION = YES;
				CLANG_WARN_OBJC_ROOT_CLASS = YES_ERROR;
				CLANG_WARN_QUOTED_INCLUDE_IN_FRAMEWORK_HEADER = YES;
				CLANG_WARN_RANGE_LOOP_ANALYSIS = YES;
				CLANG_WARN_STRICT_PROTOTYPES = YES;
				CLANG_WARN_SUSPICIOUS_MOVE = YES;
				CLANG_WARN_UNGUARDED_AVAILABILITY = YES_AGGRESSIVE;
				CLANG_WARN_UNREACHABLE_CODE = YES;
				CLANG_WARN__DUPLICATE_METHOD_MATCH = YES;
				COPY_PHASE_STRIP = NO;
				DEBUG_INFORMATION_FORMAT = "dwarf-with-dsym";
				ENABLE_NS_ASSERTIONS = NO;
				ENABLE_STRICT_OBJC_MSGSEND = YES;
				GCC_C_LANGUAGE_STANDARD = gnu11;
				GCC_NO_COMMON_BLOCKS = YES;
				GCC_WARN_64_TO_32_BIT_CONVERSION = YES;
				GCC_WARN_ABOUT_RETURN_TYPE = YES_ERROR;
				GCC_WARN_UNDECLARED_SELECTOR = YES;
				GCC_WARN_UNINITIALIZED_AUTOS = YES_AGGRESSIVE;
				GCC_WARN_UNUSED_FUNCTION = YES;
				GCC_WARN_UNUSED_VARIABLE = YES;
				IPHONEOS_DEPLOYMENT_TARGET = 16.2;
				MTL_ENABLE_DEBUG_INFO = NO;
				MTL_FAST_MATH = YES;
				SDKROOT = iphoneos;
				SWIFT_COMPILATION_MODE = wholemodule;
				SWIFT_OPTIMIZATION_LEVEL = "-O";
				VALIDATE_PRODUCT = YES;
			};
			name = Release;
		};
		873D806D2B1E1BDF00B4E4C2 /* Debug */ = {
			isa = XCBuildConfiguration;
			buildSettings = {
				ASSETCATALOG_COMPILER_APPICON_NAME = AppIcon;
				ASSETCATALOG_COMPILER_GLOBAL_ACCENT_COLOR_NAME = AccentColor;
				CODE_SIGN_STYLE = Automatic;
				CURRENT_PROJECT_VERSION = 1;
				DEVELOPMENT_ASSET_PATHS = "\"Reader/Preview Content\"";
				DEVELOPMENT_TEAM = ML2CJSB2YZ;
				ENABLE_PREVIEWS = YES;
				GENERATE_INFOPLIST_FILE = YES;
				INFOPLIST_FILE = Reader/Info.plist;
				INFOPLIST_KEY_NSFaceIDUsageDescription = "解锁应用";
				INFOPLIST_KEY_NSLocationWhenInUseUsageDescription = "新建笔记时，存储笔记的位置信息";
				INFOPLIST_KEY_UIApplicationSceneManifest_Generation = YES;
				INFOPLIST_KEY_UIApplicationSupportsIndirectInputEvents = YES;
				INFOPLIST_KEY_UILaunchScreen_Generation = YES;
				INFOPLIST_KEY_UISupportedInterfaceOrientations_iPad = "UIInterfaceOrientationPortrait UIInterfaceOrientationPortraitUpsideDown UIInterfaceOrientationLandscapeLeft UIInterfaceOrientationLandscapeRight";
				INFOPLIST_KEY_UISupportedInterfaceOrientations_iPhone = "UIInterfaceOrientationPortrait UIInterfaceOrientationLandscapeLeft UIInterfaceOrientationLandscapeRight";
				LD_RUNPATH_SEARCH_PATHS = (
					"$(inherited)",
					"@executable_path/Frameworks",
				);
				MARKETING_VERSION = 1.0;
				PRODUCT_BUNDLE_IDENTIFIER = com.jjh.Reader;
				PRODUCT_NAME = "$(TARGET_NAME)";
				SWIFT_EMIT_LOC_STRINGS = YES;
				SWIFT_VERSION = 5.0;
				TARGETED_DEVICE_FAMILY = "1,2";
			};
			name = Debug;
		};
		873D806E2B1E1BDF00B4E4C2 /* Release */ = {
			isa = XCBuildConfiguration;
			buildSettings = {
				ASSETCATALOG_COMPILER_APPICON_NAME = AppIcon;
				ASSETCATALOG_COMPILER_GLOBAL_ACCENT_COLOR_NAME = AccentColor;
				CODE_SIGN_STYLE = Automatic;
				CURRENT_PROJECT_VERSION = 1;
				DEVELOPMENT_ASSET_PATHS = "\"Reader/Preview Content\"";
				DEVELOPMENT_TEAM = ML2CJSB2YZ;
				ENABLE_PREVIEWS = YES;
				GENERATE_INFOPLIST_FILE = YES;
				INFOPLIST_FILE = Reader/Info.plist;
				INFOPLIST_KEY_NSFaceIDUsageDescription = "解锁应用";
				INFOPLIST_KEY_NSLocationWhenInUseUsageDescription = "新建笔记时，存储笔记的位置信息";
				INFOPLIST_KEY_UIApplicationSceneManifest_Generation = YES;
				INFOPLIST_KEY_UIApplicationSupportsIndirectInputEvents = YES;
				INFOPLIST_KEY_UILaunchScreen_Generation = YES;
				INFOPLIST_KEY_UISupportedInterfaceOrientations_iPad = "UIInterfaceOrientationPortrait UIInterfaceOrientationPortraitUpsideDown UIInterfaceOrientationLandscapeLeft UIInterfaceOrientationLandscapeRight";
				INFOPLIST_KEY_UISupportedInterfaceOrientations_iPhone = "UIInterfaceOrientationPortrait UIInterfaceOrientationLandscapeLeft UIInterfaceOrientationLandscapeRight";
				LD_RUNPATH_SEARCH_PATHS = (
					"$(inherited)",
					"@executable_path/Frameworks",
				);
				MARKETING_VERSION = 1.0;
				PRODUCT_BUNDLE_IDENTIFIER = com.jjh.Reader;
				PRODUCT_NAME = "$(TARGET_NAME)";
				SWIFT_EMIT_LOC_STRINGS = YES;
				SWIFT_VERSION = 5.0;
				TARGETED_DEVICE_FAMILY = "1,2";
			};
			name = Release;
		};
/* End XCBuildConfiguration section */

/* Begin XCConfigurationList section */
		873D80592B1E1BDD00B4E4C2 /* Build configuration list for PBXProject "Reader" */ = {
			isa = XCConfigurationList;
			buildConfigurations = (
				873D806A2B1E1BDF00B4E4C2 /* Debug */,
				873D806B2B1E1BDF00B4E4C2 /* Release */,
			);
			defaultConfigurationIsVisible = 0;
			defaultConfigurationName = Release;
		};
		873D806C2B1E1BDF00B4E4C2 /* Build configuration list for PBXNativeTarget "Reader" */ = {
			isa = XCConfigurationList;
			buildConfigurations = (
				873D806D2B1E1BDF00B4E4C2 /* Debug */,
				873D806E2B1E1BDF00B4E4C2 /* Release */,
			);
			defaultConfigurationIsVisible = 0;
			defaultConfigurationName = Release;
		};
/* End XCConfigurationList section */

/* Begin XCRemoteSwiftPackageReference section */
		8799509A2B23017500D414E5 /* XCRemoteSwiftPackageReference "ImagePickerView" */ = {
			isa = XCRemoteSwiftPackageReference;
			repositoryURL = "https://github.com/ralfebert/ImagePickerView";
			requirement = {
				branch = master;
				kind = branch;
			};
		};
		87F7BF7E2B2057C20035D28E /* XCRemoteSwiftPackageReference "BetterSafariView" */ = {
			isa = XCRemoteSwiftPackageReference;
			repositoryURL = "https://github.com/stleamist/BetterSafariView";
			requirement = {
				branch = main;
				kind = branch;
			};
		};
/* End XCRemoteSwiftPackageReference section */

/* Begin XCSwiftPackageProductDependency section */
		8799509B2B23017500D414E5 /* ImagePickerView */ = {
			isa = XCSwiftPackageProductDependency;
			package = 8799509A2B23017500D414E5 /* XCRemoteSwiftPackageReference "ImagePickerView" */;
			productName = ImagePickerView;
		};
		87F7BF7F2B2057C20035D28E /* BetterSafariView */ = {
			isa = XCSwiftPackageProductDependency;
			package = 87F7BF7E2B2057C20035D28E /* XCRemoteSwiftPackageReference "BetterSafariView" */;
			productName = BetterSafariView;
		};
/* End XCSwiftPackageProductDependency section */

/* Begin XCVersionGroup section */
		87A2A0642B2449CF004E5438 /* Reader.xcdatamodeld */ = {
			isa = XCVersionGroup;
			children = (
				87A2A0652B2449CF004E5438 /* CheckInModel.xcdatamodel */,
			);
			currentVersion = 87A2A0652B2449CF004E5438 /* CheckInModel.xcdatamodel */;
			path = Reader.xcdatamodeld;
			sourceTree = "<group>";
			versionGroupType = wrapper.xcdatamodel;
		};
/* End XCVersionGroup section */
	};
	rootObject = 873D80562B1E1BDD00B4E4C2 /* Project object */;
}
